
Microsoft Visual Studio Solution File, Format Version 12.00
# Visual Studio 15
VisualStudioVersion = 15.0.28307.779
MinimumVisualStudioVersion = 10.0.40219.1
Project("{FAE04EC0-301F-11D3-BF4B-00C04F79EFBC}") = "SignalRChat", "SignalRChat\SignalRChat.csproj", "{CED1610D-D31A-4C66-9714-3720F95A210A}"
EndProject
Global
	GlobalSection(SolutionConfigurationPlatforms) = preSolution
		Debug|Any CPU = Debug|Any CPU
		Release|Any CPU = Release|Any CPU
	EndGlobalSection
	GlobalSection(ProjectConfigurationPlatforms) = postSolution
		{CED1610D-D31A-4C66-9714-3720F95A210A}.Debug|Any CPU.ActiveCfg = Debug|Any CPU
		{CED1610D-D31A-4C66-9714-3720F95A210A}.Debug|Any CPU.Build.0 = Debug|Any CPU
		{CED1610D-D31A-4C66-9714-3720F95A210A}.Release|Any CPU.ActiveCfg = Release|Any CPU
		{CED1610D-D31A-4C66-9714-3720F95A210A}.Release|Any CPU.Build.0 = Release|Any CPU
	EndGlobalSection
	GlobalSection(SolutionProperties) = preSolution
		HideSolutionNode = FALSE
	EndGlobalSection
	GlobalSection(ExtensibilityGlobals) = postSolution
		SolutionGuid = {D74D2399-9381-4982-894C-E96077F96F1D}
	EndGlobalSection
EndGlobal
